
Microsoft Visual Studio Solution File, Format Version 12.00
Project("{FAE04EC0-301F-11D3-BF4B-00C04F79EFBC}") = "MemBot", "MemBot\MemBot.csproj", "{B4A4DD56-E28E-490F-B75A-0EFEF204311B}"
EndProject
Global
	GlobalSection(SolutionConfigurationPlatforms) = preSolution
		Debug|Any CPU = Debug|Any CPU
		Release|Any CPU = Release|Any CPU
	EndGlobalSection
	GlobalSection(ProjectConfigurationPlatforms) = postSolution
		{B4A4DD56-E28E-490F-B75A-0EFEF204311B}.Debug|Any CPU.ActiveCfg = Debug|Any CPU
		{B4A4DD56-E28E-490F-B75A-0EFEF204311B}.Debug|Any CPU.Build.0 = Debug|Any CPU
		{B4A4DD56-E28E-490F-B75A-0EFEF204311B}.Release|Any CPU.ActiveCfg = Release|Any CPU
		{B4A4DD56-E28E-490F-B75A-0EFEF204311B}.Release|Any CPU.Build.0 = Release|Any CPU
	EndGlobalSection
EndGlobal
